// !$*UTF8*$!
{
	archiveVersion = 1;
	classes = {
	};
	objectVersion = 46;
	objects = {

/* Begin PBXBuildFile section */
		353C82141ED3D7FD0007188A /* XLsn0wNetwork.swift in Sources */ = {isa = PBXBuildFile; fileRef = 353C820B1ED3D7FD0007188A /* XLsn0wNetwork.swift */; };
		353C82161ED3D7FD0007188A /* XLsn0wToast.swift in Sources */ = {isa = PBXBuildFile; fileRef = 353C820F1ED3D7FD0007188A /* XLsn0wToast.swift */; };
		353C82171ED3D7FD0007188A /* ToastCenter.swift in Sources */ = {isa = PBXBuildFile; fileRef = 353C82101ED3D7FD0007188A /* ToastCenter.swift */; };
		353C82181ED3D7FD0007188A /* ToastView.swift in Sources */ = {isa = PBXBuildFile; fileRef = 353C82121ED3D7FD0007188A /* ToastView.swift */; };
		353C82191ED3D7FD0007188A /* ToastWindow.swift in Sources */ = {isa = PBXBuildFile; fileRef = 353C82131ED3D7FD0007188A /* ToastWindow.swift */; };
		353C82221ED3D8110007188A /* LZBCollectionLayout.swift in Sources */ = {isa = PBXBuildFile; fileRef = 353C821B1ED3D8110007188A /* LZBCollectionLayout.swift */; };
		353C82231ED3D8110007188A /* LZBContentView.swift in Sources */ = {isa = PBXBuildFile; fileRef = 353C821C1ED3D8110007188A /* LZBContentView.swift */; };
		353C82241ED3D8110007188A /* LZBPageCollectionVeiw.swift in Sources */ = {isa = PBXBuildFile; fileRef = 353C821D1ED3D8110007188A /* LZBPageCollectionVeiw.swift */; };
		353C82251ED3D8110007188A /* LZBPageStyleModel.swift in Sources */ = {isa = PBXBuildFile; fileRef = 353C821E1ED3D8110007188A /* LZBPageStyleModel.swift */; };
		353C82261ED3D8110007188A /* LZBPageView.swift in Sources */ = {isa = PBXBuildFile; fileRef = 353C821F1ED3D8110007188A /* LZBPageView.swift */; };
		353C82271ED3D8110007188A /* LZBTitleView.swift in Sources */ = {isa = PBXBuildFile; fileRef = 353C82201ED3D8110007188A /* LZBTitleView.swift */; };
		353C82281ED3D8110007188A /* UIColor-Extension.swift in Sources */ = {isa = PBXBuildFile; fileRef = 353C82211ED3D8110007188A /* UIColor-Extension.swift */; };
		357AA8801ED51E93005077BA /* XLsn0wMacro.swift in Sources */ = {isa = PBXBuildFile; fileRef = 357AA87F1ED51E93005077BA /* XLsn0wMacro.swift */; };
		357AA8841ED523F8005077BA /* JKEmployer.swift in Sources */ = {isa = PBXBuildFile; fileRef = 357AA8831ED523F8005077BA /* JKEmployer.swift */; };
		357AA8A21ED52BC2005077BA /* XLsn0wViewController.swift in Sources */ = {isa = PBXBuildFile; fileRef = 357AA8A11ED52BC2005077BA /* XLsn0wViewController.swift */; };
		357AA8B01ED52EEA005077BA /* Array+Extension.swift in Sources */ = {isa = PBXBuildFile; fileRef = 357AA8A31ED52EEA005077BA /* Array+Extension.swift */; };
		357AA8B11ED52EEA005077BA /* FileManager+Extension.swift in Sources */ = {isa = PBXBuildFile; fileRef = 357AA8A41ED52EEA005077BA /* FileManager+Extension.swift */; };
		357AA8B21ED52EEA005077BA /* NotificationName+Extension.swift in Sources */ = {isa = PBXBuildFile; fileRef = 357AA8A51ED52EEA005077BA /* NotificationName+Extension.swift */; };
		357AA8B31ED52EEA005077BA /* String+Extension.swift in Sources */ = {isa = PBXBuildFile; fileRef = 357AA8A61ED52EEA005077BA /* String+Extension.swift */; };
		357AA8B41ED52EEA005077BA /* UIApplication+Extension.swift in Sources */ = {isa = PBXBuildFile; fileRef = 357AA8A71ED52EEA005077BA /* UIApplication+Extension.swift */; };
		357AA8B51ED52EEA005077BA /* UIBarButtonItem+Extension.swift in Sources */ = {isa = PBXBuildFile; fileRef = 357AA8A81ED52EEA005077BA /* UIBarButtonItem+Extension.swift */; };
		357AA8B61ED52EEA005077BA /* UIColor+Extension.swift in Sources */ = {isa = PBXBuildFile; fileRef = 357AA8A91ED52EEA005077BA /* UIColor+Extension.swift */; };
		357AA8B71ED52EEA005077BA /* UIImage+Extension.swift in Sources */ = {isa = PBXBuildFile; fileRef = 357AA8AA1ED52EEA005077BA /* UIImage+Extension.swift */; };
		357AA8B81ED52EEA005077BA /* UISearchBar+Extension.swift in Sources */ = {isa = PBXBuildFile; fileRef = 357AA8AB1ED52EEA005077BA /* UISearchBar+Extension.swift */; };
		357AA8BB1ED52EEA005077BA /* UIViewFrame+Extension.swift in Sources */ = {isa = PBXBuildFile; fileRef = 357AA8AE1ED52EEA005077BA /* UIViewFrame+Extension.swift */; };
		357AA8BC1ED52EEA005077BA /* UIWindow+Extension.swift in Sources */ = {isa = PBXBuildFile; fileRef = 357AA8AF1ED52EEA005077BA /* UIWindow+Extension.swift */; };
		3591B2721ED3BFED00179D6F /* AppDelegate.swift in Sources */ = {isa = PBXBuildFile; fileRef = 3591B2711ED3BFED00179D6F /* AppDelegate.swift */; };
		3591B2741ED3BFED00179D6F /* ViewController.swift in Sources */ = {isa = PBXBuildFile; fileRef = 3591B2731ED3BFED00179D6F /* ViewController.swift */; };
		3591B2791ED3BFED00179D6F /* Assets.xcassets in Resources */ = {isa = PBXBuildFile; fileRef = 3591B2781ED3BFED00179D6F /* Assets.xcassets */; };
		3591B27C1ED3BFEE00179D6F /* LaunchScreen.storyboard in Resources */ = {isa = PBXBuildFile; fileRef = 3591B27A1ED3BFEE00179D6F /* LaunchScreen.storyboard */; };
		35D181851ED40E7800C9DC24 /* XLsn0wLog.swift in Sources */ = {isa = PBXBuildFile; fileRef = 35D181841ED40E7800C9DC24 /* XLsn0wLog.swift */; };
		35D181B41ED41F8300C9DC24 /* ZhihuAPI.swift in Sources */ = {isa = PBXBuildFile; fileRef = 35D181B31ED41F8300C9DC24 /* ZhihuAPI.swift */; };
		35D181B61ED4206C00C9DC24 /* Main.storyboard in Resources */ = {isa = PBXBuildFile; fileRef = 35D181B51ED4206C00C9DC24 /* Main.storyboard */; };
		35D181F41ED4361900C9DC24 /* APIManager.swift in Sources */ = {isa = PBXBuildFile; fileRef = 35D181DE1ED4361900C9DC24 /* APIManager.swift */; };
		35D181F51ED4361900C9DC24 /* DetailViewController.swift in Sources */ = {isa = PBXBuildFile; fileRef = 35D181E01ED4361900C9DC24 /* DetailViewController.swift */; };
		35D181F61ED4361900C9DC24 /* HomeViewController.swift in Sources */ = {isa = PBXBuildFile; fileRef = 35D181E11ED4361900C9DC24 /* HomeViewController.swift */; };
		35D181F71ED4361900C9DC24 /* MainViewController.swift in Sources */ = {isa = PBXBuildFile; fileRef = 35D181E21ED4361900C9DC24 /* MainViewController.swift */; };
		35D181F81ED4361900C9DC24 /* MenuViewController.swift in Sources */ = {isa = PBXBuildFile; fileRef = 35D181E31ED4361900C9DC24 /* MenuViewController.swift */; };
		35D181F91ED4361900C9DC24 /* ThemeViewController.swift in Sources */ = {isa = PBXBuildFile; fileRef = 35D181E41ED4361900C9DC24 /* ThemeViewController.swift */; };
		35D181FA1ED4361900C9DC24 /* ToModelExtension.swift in Sources */ = {isa = PBXBuildFile; fileRef = 35D181E61ED4361900C9DC24 /* ToModelExtension.swift */; };
		35D181FB1ED4361900C9DC24 /* ToolExtension.swift in Sources */ = {isa = PBXBuildFile; fileRef = 35D181E71ED4361900C9DC24 /* ToolExtension.swift */; };
		35D181FC1ED4361900C9DC24 /* LaunchModel.swift in Sources */ = {isa = PBXBuildFile; fileRef = 35D181E91ED4361900C9DC24 /* LaunchModel.swift */; };
		35D181FD1ED4361900C9DC24 /* NewsDetailModel.swift in Sources */ = {isa = PBXBuildFile; fileRef = 35D181EA1ED4361900C9DC24 /* NewsDetailModel.swift */; };
		35D181FE1ED4361900C9DC24 /* StoryModel.swift in Sources */ = {isa = PBXBuildFile; fileRef = 35D181EB1ED4361900C9DC24 /* StoryModel.swift */; };
		35D181FF1ED4361900C9DC24 /* ThemeModel.swift in Sources */ = {isa = PBXBuildFile; fileRef = 35D181EC1ED4361900C9DC24 /* ThemeModel.swift */; };
		35D182001ED4361900C9DC24 /* BannerCell.swift in Sources */ = {isa = PBXBuildFile; fileRef = 35D181EE1ED4361900C9DC24 /* BannerCell.swift */; };
		35D182011ED4361900C9DC24 /* BannerView.swift in Sources */ = {isa = PBXBuildFile; fileRef = 35D181EF1ED4361900C9DC24 /* BannerView.swift */; };
		35D182021ED4361900C9DC24 /* DetailWebView.swift in Sources */ = {isa = PBXBuildFile; fileRef = 35D181F01ED4361900C9DC24 /* DetailWebView.swift */; };
		35D182031ED4361900C9DC24 /* ListTableViewCell.swift in Sources */ = {isa = PBXBuildFile; fileRef = 35D181F11ED4361900C9DC24 /* ListTableViewCell.swift */; };
		35D182041ED4361900C9DC24 /* RefreshView.swift in Sources */ = {isa = PBXBuildFile; fileRef = 35D181F21ED4361900C9DC24 /* RefreshView.swift */; };
		35D182051ED4361900C9DC24 /* ThemeTableViewCell.swift in Sources */ = {isa = PBXBuildFile; fileRef = 35D181F31ED4361900C9DC24 /* ThemeTableViewCell.swift */; };
		56FA8756A380BD2A5AFE5E1E /* Pods_XLsn0wQuora.framework in Frameworks */ = {isa = PBXBuildFile; fileRef = 73EC1875BDF7823506E86F10 /* Pods_XLsn0wQuora.framework */; };
/* End PBXBuildFile section */

/* Begin PBXFileReference section */
		353C82081ED3D1980007188A /* XLsn0wQuora-Bridging-Header.h */ = {isa = PBXFileReference; fileEncoding = 4; lastKnownFileType = sourcecode.c.h; path = "XLsn0wQuora-Bridging-Header.h"; sourceTree = "<group>"; };
		353C820B1ED3D7FD0007188A /* XLsn0wNetwork.swift */ = {isa = PBXFileReference; fileEncoding = 4; lastKnownFileType = sourcecode.swift; path = XLsn0wNetwork.swift; sourceTree = "<group>"; };
		353C820F1ED3D7FD0007188A /* XLsn0wToast.swift */ = {isa = PBXFileReference; fileEncoding = 4; lastKnownFileType = sourcecode.swift; path = XLsn0wToast.swift; sourceTree = "<group>"; };
		353C82101ED3D7FD0007188A /* ToastCenter.swift */ = {isa = PBXFileReference; fileEncoding = 4; lastKnownFileType = sourcecode.swift; path = ToastCenter.swift; sourceTree = "<group>"; };
		353C82121ED3D7FD0007188A /* ToastView.swift */ = {isa = PBXFileReference; fileEncoding = 4; lastKnownFileType = sourcecode.swift; path = ToastView.swift; sourceTree = "<group>"; };
		353C82131ED3D7FD0007188A /* ToastWindow.swift */ = {isa = PBXFileReference; fileEncoding = 4; lastKnownFileType = sourcecode.swift; path = ToastWindow.swift; sourceTree = "<group>"; };
		353C821B1ED3D8110007188A /* LZBCollectionLayout.swift */ = {isa = PBXFileReference; fileEncoding = 4; lastKnownFileType = sourcecode.swift; path = LZBCollectionLayout.swift; sourceTree = "<group>"; };
		353C821C1ED3D8110007188A /* LZBContentView.swift */ = {isa = PBXFileReference; fileEncoding = 4; lastKnownFileType = sourcecode.swift; path = LZBContentView.swift; sourceTree = "<group>"; };
		353C821D1ED3D8110007188A /* LZBPageCollectionVeiw.swift */ = {isa = PBXFileReference; fileEncoding = 4; lastKnownFileType = sourcecode.swift; path = LZBPageCollectionVeiw.swift; sourceTree = "<group>"; };
		353C821E1ED3D8110007188A /* LZBPageStyleModel.swift */ = {isa = PBXFileReference; fileEncoding = 4; lastKnownFileType = sourcecode.swift; path = LZBPageStyleModel.swift; sourceTree = "<group>"; };
		353C821F1ED3D8110007188A /* LZBPageView.swift */ = {isa = PBXFileReference; fileEncoding = 4; lastKnownFileType = sourcecode.swift; path = LZBPageView.swift; sourceTree = "<group>"; };
		353C82201ED3D8110007188A /* LZBTitleView.swift */ = {isa = PBXFileReference; fileEncoding = 4; lastKnownFileType = sourcecode.swift; path = LZBTitleView.swift; sourceTree = "<group>"; };
		353C82211ED3D8110007188A /* UIColor-Extension.swift */ = {isa = PBXFileReference; fileEncoding = 4; lastKnownFileType = sourcecode.swift; path = "UIColor-Extension.swift"; sourceTree = "<group>"; };
		357AA87F1ED51E93005077BA /* XLsn0wMacro.swift */ = {isa = PBXFileReference; fileEncoding = 4; lastKnownFileType = sourcecode.swift; path = XLsn0wMacro.swift; sourceTree = "<group>"; };
		357AA8831ED523F8005077BA /* JKEmployer.swift */ = {isa = PBXFileReference; fileEncoding = 4; lastKnownFileType = sourcecode.swift; path = JKEmployer.swift; sourceTree = "<group>"; };
		357AA8A11ED52BC2005077BA /* XLsn0wViewController.swift */ = {isa = PBXFileReference; fileEncoding = 4; lastKnownFileType = sourcecode.swift; path = XLsn0wViewController.swift; sourceTree = "<group>"; };
		357AA8A31ED52EEA005077BA /* Array+Extension.swift */ = {isa = PBXFileReference; fileEncoding = 4; lastKnownFileType = sourcecode.swift; path = "Array+Extension.swift"; sourceTree = "<group>"; };
		357AA8A41ED52EEA005077BA /* FileManager+Extension.swift */ = {isa = PBXFileReference; fileEncoding = 4; lastKnownFileType = sourcecode.swift; path = "FileManager+Extension.swift"; sourceTree = "<group>"; };
		357AA8A51ED52EEA005077BA /* NotificationName+Extension.swift */ = {isa = PBXFileReference; fileEncoding = 4; lastKnownFileType = sourcecode.swift; path = "NotificationName+Extension.swift"; sourceTree = "<group>"; };
		357AA8A61ED52EEA005077BA /* String+Extension.swift */ = {isa = PBXFileReference; fileEncoding = 4; lastKnownFileType = sourcecode.swift; path = "String+Extension.swift"; sourceTree = "<group>"; };
		357AA8A71ED52EEA005077BA /* UIApplication+Extension.swift */ = {isa = PBXFileReference; fileEncoding = 4; lastKnownFileType = sourcecode.swift; path = "UIApplication+Extension.swift"; sourceTree = "<group>"; };
		357AA8A81ED52EEA005077BA /* UIBarButtonItem+Extension.swift */ = {isa = PBXFileReference; fileEncoding = 4; lastKnownFileType = sourcecode.swift; path = "UIBarButtonItem+Extension.swift"; sourceTree = "<group>"; };
		357AA8A91ED52EEA005077BA /* UIColor+Extension.swift */ = {isa = PBXFileReference; fileEncoding = 4; lastKnownFileType = sourcecode.swift; path = "UIColor+Extension.swift"; sourceTree = "<group>"; };
		357AA8AA1ED52EEA005077BA /* UIImage+Extension.swift */ = {isa = PBXFileReference; fileEncoding = 4; lastKnownFileType = sourcecode.swift; path = "UIImage+Extension.swift"; sourceTree = "<group>"; };
		357AA8AB1ED52EEA005077BA /* UISearchBar+Extension.swift */ = {isa = PBXFileReference; fileEncoding = 4; lastKnownFileType = sourcecode.swift; path = "UISearchBar+Extension.swift"; sourceTree = "<group>"; };
		357AA8AE1ED52EEA005077BA /* UIViewFrame+Extension.swift */ = {isa = PBXFileReference; fileEncoding = 4; lastKnownFileType = sourcecode.swift; path = "UIViewFrame+Extension.swift"; sourceTree = "<group>"; };
		357AA8AF1ED52EEA005077BA /* UIWindow+Extension.swift */ = {isa = PBXFileReference; fileEncoding = 4; lastKnownFileType = sourcecode.swift; path = "UIWindow+Extension.swift"; sourceTree = "<group>"; };
		3591B26E1ED3BFED00179D6F /* XLsn0wQuora.app */ = {isa = PBXFileReference; explicitFileType = wrapper.application; includeInIndex = 0; path = XLsn0wQuora.app; sourceTree = BUILT_PRODUCTS_DIR; };
		3591B2711ED3BFED00179D6F /* AppDelegate.swift */ = {isa = PBXFileReference; lastKnownFileType = sourcecode.swift; path = AppDelegate.swift; sourceTree = "<group>"; };
		3591B2731ED3BFED00179D6F /* ViewController.swift */ = {isa = PBXFileReference; lastKnownFileType = sourcecode.swift; path = ViewController.swift; sourceTree = "<group>"; };
		3591B2781ED3BFED00179D6F /* Assets.xcassets */ = {isa = PBXFileReference; lastKnownFileType = folder.assetcatalog; path = Assets.xcassets; sourceTree = "<group>"; };
		3591B27B1ED3BFEE00179D6F /* Base */ = {isa = PBXFileReference; lastKnownFileType = file.storyboard; name = Base; path = Base.lproj/LaunchScreen.storyboard; sourceTree = "<group>"; };
		3591B27D1ED3BFEE00179D6F /* Info.plist */ = {isa = PBXFileReference; lastKnownFileType = text.plist.xml; path = Info.plist; sourceTree = "<group>"; };
		35D181841ED40E7800C9DC24 /* XLsn0wLog.swift */ = {isa = PBXFileReference; fileEncoding = 4; lastKnownFileType = sourcecode.swift; path = XLsn0wLog.swift; sourceTree = "<group>"; };
		35D181B31ED41F8300C9DC24 /* ZhihuAPI.swift */ = {isa = PBXFileReference; fileEncoding = 4; lastKnownFileType = sourcecode.swift; path = ZhihuAPI.swift; sourceTree = "<group>"; };
		35D181B51ED4206C00C9DC24 /* Main.storyboard */ = {isa = PBXFileReference; fileEncoding = 4; lastKnownFileType = file.storyboard; path = Main.storyboard; sourceTree = "<group>"; };
		35D181DE1ED4361900C9DC24 /* APIManager.swift */ = {isa = PBXFileReference; fileEncoding = 4; lastKnownFileType = sourcecode.swift; path = APIManager.swift; sourceTree = "<group>"; };
		35D181E01ED4361900C9DC24 /* DetailViewController.swift */ = {isa = PBXFileReference; fileEncoding = 4; lastKnownFileType = sourcecode.swift; path = DetailViewController.swift; sourceTree = "<group>"; };
		35D181E11ED4361900C9DC24 /* HomeViewController.swift */ = {isa = PBXFileReference; fileEncoding = 4; lastKnownFileType = sourcecode.swift; path = HomeViewController.swift; sourceTree = "<group>"; };
		35D181E21ED4361900C9DC24 /* MainViewController.swift */ = {isa = PBXFileReference; fileEncoding = 4; lastKnownFileType = sourcecode.swift; path = MainViewController.swift; sourceTree = "<group>"; };
		35D181E31ED4361900C9DC24 /* MenuViewController.swift */ = {isa = PBXFileReference; fileEncoding = 4; lastKnownFileType = sourcecode.swift; path = MenuViewController.swift; sourceTree = "<group>"; };
		35D181E41ED4361900C9DC24 /* ThemeViewController.swift */ = {isa = PBXFileReference; fileEncoding = 4; lastKnownFileType = sourcecode.swift; path = ThemeViewController.swift; sourceTree = "<group>"; };
		35D181E61ED4361900C9DC24 /* ToModelExtension.swift */ = {isa = PBXFileReference; fileEncoding = 4; lastKnownFileType = sourcecode.swift; path = ToModelExtension.swift; sourceTree = "<group>"; };
		35D181E71ED4361900C9DC24 /* ToolExtension.swift */ = {isa = PBXFileReference; fileEncoding = 4; lastKnownFileType = sourcecode.swift; path = ToolExtension.swift; sourceTree = "<group>"; };
		35D181E91ED4361900C9DC24 /* LaunchModel.swift */ = {isa = PBXFileReference; fileEncoding = 4; lastKnownFileType = sourcecode.swift; path = LaunchModel.swift; sourceTree = "<group>"; };
		35D181EA1ED4361900C9DC24 /* NewsDetailModel.swift */ = {isa = PBXFileReference; fileEncoding = 4; lastKnownFileType = sourcecode.swift; path = NewsDetailModel.swift; sourceTree = "<group>"; };
		35D181EB1ED4361900C9DC24 /* StoryModel.swift */ = {isa = PBXFileReference; fileEncoding = 4; lastKnownFileType = sourcecode.swift; path = StoryModel.swift; sourceTree = "<group>"; };
		35D181EC1ED4361900C9DC24 /* ThemeModel.swift */ = {isa = PBXFileReference; fileEncoding = 4; lastKnownFileType = sourcecode.swift; path = ThemeModel.swift; sourceTree = "<group>"; };
		35D181EE1ED4361900C9DC24 /* BannerCell.swift */ = {isa = PBXFileReference; fileEncoding = 4; lastKnownFileType = sourcecode.swift; path = BannerCell.swift; sourceTree = "<group>"; };
		35D181EF1ED4361900C9DC24 /* BannerView.swift */ = {isa = PBXFileReference; fileEncoding = 4; lastKnownFileType = sourcecode.swift; path = BannerView.swift; sourceTree = "<group>"; };
		35D181F01ED4361900C9DC24 /* DetailWebView.swift */ = {isa = PBXFileReference; fileEncoding = 4; lastKnownFileType = sourcecode.swift; path = DetailWebView.swift; sourceTree = "<group>"; };
		35D181F11ED4361900C9DC24 /* ListTableViewCell.swift */ = {isa = PBXFileReference; fileEncoding = 4; lastKnownFileType = sourcecode.swift; path = ListTableViewCell.swift; sourceTree = "<group>"; };
		35D181F21ED4361900C9DC24 /* RefreshView.swift */ = {isa = PBXFileReference; fileEncoding = 4; lastKnownFileType = sourcecode.swift; path = RefreshView.swift; sourceTree = "<group>"; };
		35D181F31ED4361900C9DC24 /* ThemeTableViewCell.swift */ = {isa = PBXFileReference; fileEncoding = 4; lastKnownFileType = sourcecode.swift; path = ThemeTableViewCell.swift; sourceTree = "<group>"; };
		73EC1875BDF7823506E86F10 /* Pods_XLsn0wQuora.framework */ = {isa = PBXFileReference; explicitFileType = wrapper.framework; includeInIndex = 0; path = Pods_XLsn0wQuora.framework; sourceTree = BUILT_PRODUCTS_DIR; };
		9EAC51129CBD0357AE5BC9A0 /* Pods-XLsn0wQuora.debug.xcconfig */ = {isa = PBXFileReference; includeInIndex = 1; lastKnownFileType = text.xcconfig; name = "Pods-XLsn0wQuora.debug.xcconfig"; path = "Pods/Target Support Files/Pods-XLsn0wQuora/Pods-XLsn0wQuora.debug.xcconfig"; sourceTree = "<group>"; };
		E80546247F30C9421EB41B76 /* Pods-XLsn0wQuora.release.xcconfig */ = {isa = PBXFileReference; includeInIndex = 1; lastKnownFileType = text.xcconfig; name = "Pods-XLsn0wQuora.release.xcconfig"; path = "Pods/Target Support Files/Pods-XLsn0wQuora/Pods-XLsn0wQuora.release.xcconfig"; sourceTree = "<group>"; };
/* End PBXFileReference section */

/* Begin PBXFrameworksBuildPhase section */
		3591B26B1ED3BFED00179D6F /* Frameworks */ = {
			isa = PBXFrameworksBuildPhase;
			buildActionMask = 2147483647;
			files = (
				56FA8756A380BD2A5AFE5E1E /* Pods_XLsn0wQuora.framework in Frameworks */,
			);
			runOnlyForDeploymentPostprocessing = 0;
		};
/* End PBXFrameworksBuildPhase section */

/* Begin PBXGroup section */
		353C82071ED3D1880007188A /* Bridging-Header */ = {
			isa = PBXGroup;
			children = (
				353C82081ED3D1980007188A /* XLsn0wQuora-Bridging-Header.h */,
			);
			path = "Bridging-Header";
			sourceTree = "<group>";
		};
		353C82091ED3D7FD0007188A /* XLsn0wKit */ = {
			isa = PBXGroup;
			children = (
				357AA87E1ED51E75005077BA /* XLsn0wMacro */,
				357AA8A01ED52B80005077BA /* XLsn0wViewController */,
				357AA8851ED528C3005077BA /* extension */,
				35D181831ED40E7800C9DC24 /* XLsn0wLog */,
				353C821A1ED3D8110007188A /* LZBPageCustomView */,
				353C820A1ED3D7FD0007188A /* XLsn0wNetwork */,
				353C820E1ED3D7FD0007188A /* XLsn0wToast */,
			);
			path = XLsn0wKit;
			sourceTree = "<group>";
		};
		353C820A1ED3D7FD0007188A /* XLsn0wNetwork */ = {
			isa = PBXGroup;
			children = (
				353C820B1ED3D7FD0007188A /* XLsn0wNetwork.swift */,
			);
			path = XLsn0wNetwork;
			sourceTree = "<group>";
		};
		353C820E1ED3D7FD0007188A /* XLsn0wToast */ = {
			isa = PBXGroup;
			children = (
				353C820F1ED3D7FD0007188A /* XLsn0wToast.swift */,
				353C82101ED3D7FD0007188A /* ToastCenter.swift */,
				353C82121ED3D7FD0007188A /* ToastView.swift */,
				353C82131ED3D7FD0007188A /* ToastWindow.swift */,
			);
			path = XLsn0wToast;
			sourceTree = "<group>";
		};
		353C821A1ED3D8110007188A /* LZBPageCustomView */ = {
			isa = PBXGroup;
			children = (
				353C821B1ED3D8110007188A /* LZBCollectionLayout.swift */,
				353C821C1ED3D8110007188A /* LZBContentView.swift */,
				353C821D1ED3D8110007188A /* LZBPageCollectionVeiw.swift */,
				353C821E1ED3D8110007188A /* LZBPageStyleModel.swift */,
				353C821F1ED3D8110007188A /* LZBPageView.swift */,
				353C82201ED3D8110007188A /* LZBTitleView.swift */,
				353C82211ED3D8110007188A /* UIColor-Extension.swift */,
			);
			path = LZBPageCustomView;
			sourceTree = "<group>";
		};
		353E52871ED3C36D008BA28E /* UIApplication */ = {
			isa = PBXGroup;
			children = (
				3591B2711ED3BFED00179D6F /* AppDelegate.swift */,
				3591B2731ED3BFED00179D6F /* ViewController.swift */,
				35D181B31ED41F8300C9DC24 /* ZhihuAPI.swift */,
				357AA8831ED523F8005077BA /* JKEmployer.swift */,
				35D181B51ED4206C00C9DC24 /* Main.storyboard */,
				3591B2781ED3BFED00179D6F /* Assets.xcassets */,
				3591B27A1ED3BFEE00179D6F /* LaunchScreen.storyboard */,
				3591B27D1ED3BFEE00179D6F /* Info.plist */,
			);
			name = UIApplication;
			sourceTree = "<group>";
		};
		357AA87E1ED51E75005077BA /* XLsn0wMacro */ = {
			isa = PBXGroup;
			children = (
				357AA87F1ED51E93005077BA /* XLsn0wMacro.swift */,
			);
			path = XLsn0wMacro;
			sourceTree = "<group>";
		};
		357AA8851ED528C3005077BA /* extension */ = {
			isa = PBXGroup;
			children = (
				357AA8A31ED52EEA005077BA /* Array+Extension.swift */,
				357AA8A41ED52EEA005077BA /* FileManager+Extension.swift */,
				357AA8A51ED52EEA005077BA /* NotificationName+Extension.swift */,
				357AA8A61ED52EEA005077BA /* String+Extension.swift */,
				357AA8A71ED52EEA005077BA /* UIApplication+Extension.swift */,
				357AA8A81ED52EEA005077BA /* UIBarButtonItem+Extension.swift */,
				357AA8A91ED52EEA005077BA /* UIColor+Extension.swift */,
				357AA8AA1ED52EEA005077BA /* UIImage+Extension.swift */,
				357AA8AB1ED52EEA005077BA /* UISearchBar+Extension.swift */,
				357AA8AE1ED52EEA005077BA /* UIViewFrame+Extension.swift */,
				357AA8AF1ED52EEA005077BA /* UIWindow+Extension.swift */,
			);
			path = extension;
			sourceTree = "<group>";
		};
		357AA8A01ED52B80005077BA /* XLsn0wViewController */ = {
			isa = PBXGroup;
			children = (
				357AA8A11ED52BC2005077BA /* XLsn0wViewController.swift */,
			);
			path = XLsn0wViewController;
			sourceTree = "<group>";
		};
		3591B2651ED3BFED00179D6F = {
			isa = PBXGroup;
			children = (
				353C82091ED3D7FD0007188A /* XLsn0wKit */,
				3591B2701ED3BFED00179D6F /* XLsn0wQuora */,
				3591B26F1ED3BFED00179D6F /* Products */,
				E6EC82A07124EA55D5403880 /* Pods */,
				EC6535FDD5B6D709CEDBB11F /* Frameworks */,
			);
			sourceTree = "<group>";
		};
		3591B26F1ED3BFED00179D6F /* Products */ = {
			isa = PBXGroup;
			children = (
				3591B26E1ED3BFED00179D6F /* XLsn0wQuora.app */,
			);
			name = Products;
			sourceTree = "<group>";
		};
		3591B2701ED3BFED00179D6F /* XLsn0wQuora */ = {
			isa = PBXGroup;
			children = (
				353C82071ED3D1880007188A /* Bridging-Header */,
				353E52871ED3C36D008BA28E /* UIApplication */,
				35D181DD1ED4361900C9DC24 /* APIManager */,
				35D181E51ED4361900C9DC24 /* Extension */,
				35D181DF1ED4361900C9DC24 /* Controller */,
				35D181ED1ED4361900C9DC24 /* View */,
				35D181E81ED4361900C9DC24 /* Model */,
			);
			path = XLsn0wQuora;
			sourceTree = "<group>";
		};
		35D181831ED40E7800C9DC24 /* XLsn0wLog */ = {
			isa = PBXGroup;
			children = (
				35D181841ED40E7800C9DC24 /* XLsn0wLog.swift */,
			);
			path = XLsn0wLog;
			sourceTree = "<group>";
		};
		35D181DD1ED4361900C9DC24 /* APIManager */ = {
			isa = PBXGroup;
			children = (
				35D181DE1ED4361900C9DC24 /* APIManager.swift */,
			);
			path = APIManager;
			sourceTree = "<group>";
		};
		35D181DF1ED4361900C9DC24 /* Controller */ = {
			isa = PBXGroup;
			children = (
				35D181E11ED4361900C9DC24 /* HomeViewController.swift */,
				35D181E21ED4361900C9DC24 /* MainViewController.swift */,
				35D181E31ED4361900C9DC24 /* MenuViewController.swift */,
				35D181E01ED4361900C9DC24 /* DetailViewController.swift */,
				35D181E41ED4361900C9DC24 /* ThemeViewController.swift */,
			);
			path = Controller;
			sourceTree = "<group>";
		};
		35D181E51ED4361900C9DC24 /* Extension */ = {
			isa = PBXGroup;
			children = (
				35D181E61ED4361900C9DC24 /* ToModelExtension.swift */,
				35D181E71ED4361900C9DC24 /* ToolExtension.swift */,
			);
			path = Extension;
			sourceTree = "<group>";
		};
		35D181E81ED4361900C9DC24 /* Model */ = {
			isa = PBXGroup;
			children = (
				35D181E91ED4361900C9DC24 /* LaunchModel.swift */,
				35D181EA1ED4361900C9DC24 /* NewsDetailModel.swift */,
				35D181EB1ED4361900C9DC24 /* StoryModel.swift */,
				35D181EC1ED4361900C9DC24 /* ThemeModel.swift */,
			);
			path = Model;
			sourceTree = "<group>";
		};
		35D181ED1ED4361900C9DC24 /* View */ = {
			isa = PBXGroup;
			children = (
				35D181EE1ED4361900C9DC24 /* BannerCell.swift */,
				35D181EF1ED4361900C9DC24 /* BannerView.swift */,
				35D181F01ED4361900C9DC24 /* DetailWebView.swift */,
				35D181F11ED4361900C9DC24 /* ListTableViewCell.swift */,
				35D181F21ED4361900C9DC24 /* RefreshView.swift */,
				35D181F31ED4361900C9DC24 /* ThemeTableViewCell.swift */,
			);
			path = View;
			sourceTree = "<group>";
		};
		E6EC82A07124EA55D5403880 /* Pods */ = {
			isa = PBXGroup;
			children = (
				9EAC51129CBD0357AE5BC9A0 /* Pods-XLsn0wQuora.debug.xcconfig */,
				E80546247F30C9421EB41B76 /* Pods-XLsn0wQuora.release.xcconfig */,
			);
			name = Pods;
			sourceTree = "<group>";
		};
		EC6535FDD5B6D709CEDBB11F /* Frameworks */ = {
			isa = PBXGroup;
			children = (
				73EC1875BDF7823506E86F10 /* Pods_XLsn0wQuora.framework */,
			);
			name = Frameworks;
			sourceTree = "<group>";
		};
/* End PBXGroup section */

/* Begin PBXNativeTarget section */
		3591B26D1ED3BFED00179D6F /* XLsn0wQuora */ = {
			isa = PBXNativeTarget;
			buildConfigurationList = 3591B2801ED3BFEE00179D6F /* Build configuration list for PBXNativeTarget "XLsn0wQuora" */;
			buildPhases = (
				75257611A508DB515654E137 /* [CP] Check Pods Manifest.lock */,
				3591B26A1ED3BFED00179D6F /* Sources */,
				3591B26B1ED3BFED00179D6F /* Frameworks */,
				3591B26C1ED3BFED00179D6F /* Resources */,
				C2B8194ADB591655073EF7B3 /* [CP] Embed Pods Frameworks */,
				3766649B9F92095E93774ADD /* [CP] Copy Pods Resources */,
			);
			buildRules = (
			);
			dependencies = (
			);
			name = XLsn0wQuora;
			productName = XLsn0wQuora;
			productReference = 3591B26E1ED3BFED00179D6F /* XLsn0wQuora.app */;
			productType = "com.apple.product-type.application";
		};
/* End PBXNativeTarget section */

/* Begin PBXProject section */
		3591B2661ED3BFED00179D6F /* Project object */ = {
			isa = PBXProject;
			attributes = {
				LastSwiftUpdateCheck = 0830;
				LastUpgradeCheck = 0830;
				ORGANIZATIONNAME = XLsn0w;
				TargetAttributes = {
					3591B26D1ED3BFED00179D6F = {
						CreatedOnToolsVersion = 8.3.2;
						DevelopmentTeam = 7L4YK5W6WP;
						LastSwiftMigration = 0830;
						ProvisioningStyle = Automatic;
					};
				};
			};
			buildConfigurationList = 3591B2691ED3BFED00179D6F /* Build configuration list for PBXProject "XLsn0wQuora" */;
			compatibilityVersion = "Xcode 3.2";
			developmentRegion = English;
			hasScannedForEncodings = 0;
			knownRegions = (
				en,
				Base,
			);
			mainGroup = 3591B2651ED3BFED00179D6F;
			productRefGroup = 3591B26F1ED3BFED00179D6F /* Products */;
			projectDirPath = "";
			projectRoot = "";
			targets = (
				3591B26D1ED3BFED00179D6F /* XLsn0wQuora */,
			);
		};
/* End PBXProject section */

/* Begin PBXResourcesBuildPhase section */
		3591B26C1ED3BFED00179D6F /* Resources */ = {
			isa = PBXResourcesBuildPhase;
			buildActionMask = 2147483647;
			files = (
				35D181B61ED4206C00C9DC24 /* Main.storyboard in Resources */,
				3591B27C1ED3BFEE00179D6F /* LaunchScreen.storyboard in Resources */,
				3591B2791ED3BFED00179D6F /* Assets.xcassets in Resources */,
			);
			runOnlyForDeploymentPostprocessing = 0;
		};
/* End PBXResourcesBuildPhase section */

/* Begin PBXShellScriptBuildPhase section */
		3766649B9F92095E93774ADD /* [CP] Copy Pods Resources */ = {
			isa = PBXShellScriptBuildPhase;
			buildActionMask = 2147483647;
			files = (
			);
			inputPaths = (
			);
			name = "[CP] Copy Pods Resources";
			outputPaths = (
			);
			runOnlyForDeploymentPostprocessing = 0;
			shellPath = /bin/sh;
			shellScript = "\"${SRCROOT}/Pods/Target Support Files/Pods-XLsn0wQuora/Pods-XLsn0wQuora-resources.sh\"\n";
			showEnvVarsInLog = 0;
		};
		75257611A508DB515654E137 /* [CP] Check Pods Manifest.lock */ = {
			isa = PBXShellScriptBuildPhase;
			buildActionMask = 2147483647;
			files = (
			);
			inputPaths = (
			);
			name = "[CP] Check Pods Manifest.lock";
			outputPaths = (
			);
			runOnlyForDeploymentPostprocessing = 0;
			shellPath = /bin/sh;
			shellScript = "diff \"${PODS_ROOT}/../Podfile.lock\" \"${PODS_ROOT}/Manifest.lock\" > /dev/null\nif [ $? != 0 ] ; then\n    # print error to STDERR\n    echo \"error: The sandbox is not in sync with the Podfile.lock. Run 'pod install' or update your CocoaPods installation.\" >&2\n    exit 1\nfi\n";
			showEnvVarsInLog = 0;
		};
		C2B8194ADB591655073EF7B3 /* [CP] Embed Pods Frameworks */ = {
			isa = PBXShellScriptBuildPhase;
			buildActionMask = 2147483647;
			files = (
			);
			inputPaths = (
			);
			name = "[CP] Embed Pods Frameworks";
			outputPaths = (
			);
			runOnlyForDeploymentPostprocessing = 0;
			shellPath = /bin/sh;
			shellScript = "\"${SRCROOT}/Pods/Target Support Files/Pods-XLsn0wQuora/Pods-XLsn0wQuora-frameworks.sh\"\n";
			showEnvVarsInLog = 0;
		};
/* End PBXShellScriptBuildPhase section */

/* Begin PBXSourcesBuildPhase section */
		3591B26A1ED3BFED00179D6F /* Sources */ = {
			isa = PBXSourcesBuildPhase;
			buildActionMask = 2147483647;
			files = (
				357AA8B51ED52EEA005077BA /* UIBarButtonItem+Extension.swift in Sources */,
				357AA8BB1ED52EEA005077BA /* UIViewFrame+Extension.swift in Sources */,
				35D182041ED4361900C9DC24 /* RefreshView.swift in Sources */,
				3591B2741ED3BFED00179D6F /* ViewController.swift in Sources */,
				357AA8B61ED52EEA005077BA /* UIColor+Extension.swift in Sources */,
				353C82281ED3D8110007188A /* UIColor-Extension.swift in Sources */,
				35D181FE1ED4361900C9DC24 /* StoryModel.swift in Sources */,
				35D181F61ED4361900C9DC24 /* HomeViewController.swift in Sources */,
				35D181B41ED41F8300C9DC24 /* ZhihuAPI.swift in Sources */,
				353C82231ED3D8110007188A /* LZBContentView.swift in Sources */,
				353C82181ED3D7FD0007188A /* ToastView.swift in Sources */,
				35D181FF1ED4361900C9DC24 /* ThemeModel.swift in Sources */,
				35D181F91ED4361900C9DC24 /* ThemeViewController.swift in Sources */,
				357AA8B71ED52EEA005077BA /* UIImage+Extension.swift in Sources */,
				35D181851ED40E7800C9DC24 /* XLsn0wLog.swift in Sources */,
				357AA8B01ED52EEA005077BA /* Array+Extension.swift in Sources */,
				353C82261ED3D8110007188A /* LZBPageView.swift in Sources */,
				35D181FB1ED4361900C9DC24 /* ToolExtension.swift in Sources */,
				353C82161ED3D7FD0007188A /* XLsn0wToast.swift in Sources */,
				353C82271ED3D8110007188A /* LZBTitleView.swift in Sources */,
				35D181F81ED4361900C9DC24 /* MenuViewController.swift in Sources */,
				357AA8841ED523F8005077BA /* JKEmployer.swift in Sources */,
				35D181F51ED4361900C9DC24 /* DetailViewController.swift in Sources */,
				357AA8A21ED52BC2005077BA /* XLsn0wViewController.swift in Sources */,
				357AA8B81ED52EEA005077BA /* UISearchBar+Extension.swift in Sources */,
				35D181FA1ED4361900C9DC24 /* ToModelExtension.swift in Sources */,
				357AA8801ED51E93005077BA /* XLsn0wMacro.swift in Sources */,
				35D182031ED4361900C9DC24 /* ListTableViewCell.swift in Sources */,
				357AA8B11ED52EEA005077BA /* FileManager+Extension.swift in Sources */,
				353C82251ED3D8110007188A /* LZBPageStyleModel.swift in Sources */,
				357AA8BC1ED52EEA005077BA /* UIWindow+Extension.swift in Sources */,
				353C82241ED3D8110007188A /* LZBPageCollectionVeiw.swift in Sources */,
				353C82141ED3D7FD0007188A /* XLsn0wNetwork.swift in Sources */,
				35D182011ED4361900C9DC24 /* BannerView.swift in Sources */,
				35D181F41ED4361900C9DC24 /* APIManager.swift in Sources */,
				35D181FD1ED4361900C9DC24 /* NewsDetailModel.swift in Sources */,
				357AA8B21ED52EEA005077BA /* NotificationName+Extension.swift in Sources */,
				353C82171ED3D7FD0007188A /* ToastCenter.swift in Sources */,
				3591B2721ED3BFED00179D6F /* AppDelegate.swift in Sources */,
				353C82191ED3D7FD0007188A /* ToastWindow.swift in Sources */,
				357AA8B41ED52EEA005077BA /* UIApplication+Extension.swift in Sources */,
				353C82221ED3D8110007188A /* LZBCollectionLayout.swift in Sources */,
				35D182001ED4361900C9DC24 /* BannerCell.swift in Sources */,
				35D181F71ED4361900C9DC24 /* MainViewController.swift in Sources */,
				35D182051ED4361900C9DC24 /* ThemeTableViewCell.swift in Sources */,
				35D181FC1ED4361900C9DC24 /* LaunchModel.swift in Sources */,
				35D182021ED4361900C9DC24 /* DetailWebView.swift in Sources */,
				357AA8B31ED52EEA005077BA /* String+Extension.swift in Sources */,
			);
			runOnlyForDeploymentPostprocessing = 0;
		};
/* End PBXSourcesBuildPhase section */

/* Begin PBXVariantGroup section */
		3591B27A1ED3BFEE00179D6F /* LaunchScreen.storyboard */ = {
			isa = PBXVariantGroup;
			children = (
				3591B27B1ED3BFEE00179D6F /* Base */,
			);
			name = LaunchScreen.storyboard;
			sourceTree = "<group>";
		};
/* End PBXVariantGroup section */

/* Begin XCBuildConfiguration section */
		3591B27E1ED3BFEE00179D6F /* Debug */ = {
			isa = XCBuildConfiguration;
			buildSettings = {
				ALWAYS_SEARCH_USER_PATHS = NO;
				CLANG_ANALYZER_NONNULL = YES;
				CLANG_ANALYZER_NUMBER_OBJECT_CONVERSION = YES_AGGRESSIVE;
				CLANG_CXX_LANGUAGE_STANDARD = "gnu++0x";
				CLANG_CXX_LIBRARY = "libc++";
				CLANG_ENABLE_MODULES = YES;
				CLANG_ENABLE_OBJC_ARC = YES;
				CLANG_WARN_BOOL_CONVERSION = YES;
				CLANG_WARN_CONSTANT_CONVERSION = YES;
				CLANG_WARN_DIRECT_OBJC_ISA_USAGE = YES_ERROR;
				CLANG_WARN_DOCUMENTATION_COMMENTS = YES;
				CLANG_WARN_EMPTY_BODY = YES;
				CLANG_WARN_ENUM_CONVERSION = YES;
				CLANG_WARN_INFINITE_RECURSION = YES;
				CLANG_WARN_INT_CONVERSION = YES;
				CLANG_WARN_OBJC_ROOT_CLASS = YES_ERROR;
				CLANG_WARN_SUSPICIOUS_MOVE = YES;
				CLANG_WARN_UNREACHABLE_CODE = YES;
				CLANG_WARN__DUPLICATE_METHOD_MATCH = YES;
				"CODE_SIGN_IDENTITY[sdk=iphoneos*]" = "iPhone Developer";
				COPY_PHASE_STRIP = NO;
				DEBUG_INFORMATION_FORMAT = dwarf;
				ENABLE_STRICT_OBJC_MSGSEND = YES;
				ENABLE_TESTABILITY = YES;
				GCC_C_LANGUAGE_STANDARD = gnu99;
				GCC_DYNAMIC_NO_PIC = NO;
				GCC_NO_COMMON_BLOCKS = YES;
				GCC_OPTIMIZATION_LEVEL = 0;
				GCC_PREPROCESSOR_DEFINITIONS = (
					"DEBUG=1",
					"$(inherited)",
				);
				GCC_WARN_64_TO_32_BIT_CONVERSION = YES;
				GCC_WARN_ABOUT_RETURN_TYPE = YES_ERROR;
				GCC_WARN_UNDECLARED_SELECTOR = YES;
				GCC_WARN_UNINITIALIZED_AUTOS = YES_AGGRESSIVE;
				GCC_WARN_UNUSED_FUNCTION = YES;
				GCC_WARN_UNUSED_VARIABLE = YES;
				IPHONEOS_DEPLOYMENT_TARGET = 10.3;
				MTL_ENABLE_DEBUG_INFO = YES;
				ONLY_ACTIVE_ARCH = YES;
				SDKROOT = iphoneos;
				SWIFT_ACTIVE_COMPILATION_CONDITIONS = DEBUG;
				SWIFT_OPTIMIZATION_LEVEL = "-Onone";
			};
			name = Debug;
		};
		3591B27F1ED3BFEE00179D6F /* Release */ = {
			isa = XCBuildConfiguration;
			buildSettings = {
				ALWAYS_SEARCH_USER_PATHS = NO;
				CLANG_ANALYZER_NONNULL = YES;
				CLANG_ANALYZER_NUMBER_OBJECT_CONVERSION = YES_AGGRESSIVE;
				CLANG_CXX_LANGUAGE_STANDARD = "gnu++0x";
				CLANG_CXX_LIBRARY = "libc++";
				CLANG_ENABLE_MODULES = YES;
				CLANG_ENABLE_OBJC_ARC = YES;
				CLANG_WARN_BOOL_CONVERSION = YES;
				CLANG_WARN_CONSTANT_CONVERSION = YES;
				CLANG_WARN_DIRECT_OBJC_ISA_USAGE = YES_ERROR;
				CLANG_WARN_DOCUMENTATION_COMMENTS = YES;
				CLANG_WARN_EMPTY_BODY = YES;
				CLANG_WARN_ENUM_CONVERSION = YES;
				CLANG_WARN_INFINITE_RECURSION = YES;
				CLANG_WARN_INT_CONVERSION = YES;
				CLANG_WARN_OBJC_ROOT_CLASS = YES_ERROR;
				CLANG_WARN_SUSPICIOUS_MOVE = YES;
				CLANG_WARN_UNREACHABLE_CODE = YES;
				CLANG_WARN__DUPLICATE_METHOD_MATCH = YES;
				"CODE_SIGN_IDENTITY[sdk=iphoneos*]" = "iPhone Developer";
				COPY_PHASE_STRIP = NO;
				DEBUG_INFORMATION_FORMAT = "dwarf-with-dsym";
				ENABLE_NS_ASSERTIONS = NO;
				ENABLE_STRICT_OBJC_MSGSEND = YES;
				GCC_C_LANGUAGE_STANDARD = gnu99;
				GCC_NO_COMMON_BLOCKS = YES;
				GCC_WARN_64_TO_32_BIT_CONVERSION = YES;
				GCC_WARN_ABOUT_RETURN_TYPE = YES_ERROR;
				GCC_WARN_UNDECLARED_SELECTOR = YES;
				GCC_WARN_UNINITIALIZED_AUTOS = YES_AGGRESSIVE;
				GCC_WARN_UNUSED_FUNCTION = YES;
				GCC_WARN_UNUSED_VARIABLE = YES;
				IPHONEOS_DEPLOYMENT_TARGET = 10.3;
				MTL_ENABLE_DEBUG_INFO = NO;
				SDKROOT = iphoneos;
				SWIFT_OPTIMIZATION_LEVEL = "-Owholemodule";
				VALIDATE_PRODUCT = YES;
			};
			name = Release;
		};
		3591B2811ED3BFEE00179D6F /* Debug */ = {
			isa = XCBuildConfiguration;
			baseConfigurationReference = 9EAC51129CBD0357AE5BC9A0 /* Pods-XLsn0wQuora.debug.xcconfig */;
			buildSettings = {
				ASSETCATALOG_COMPILER_APPICON_NAME = AppIcon;
				CLANG_ENABLE_MODULES = YES;
				DEVELOPMENT_TEAM = 7L4YK5W6WP;
				INFOPLIST_FILE = XLsn0wQuora/Info.plist;
				IPHONEOS_DEPLOYMENT_TARGET = 9.0;
				LD_RUNPATH_SEARCH_PATHS = "$(inherited) @executable_path/Frameworks";
				PRODUCT_BUNDLE_IDENTIFIER = com.xlsn0w.XLsn0wQuora;
				PRODUCT_NAME = "$(TARGET_NAME)";
				SWIFT_OBJC_BRIDGING_HEADER = "XLsn0wQuora/Bridging-Header/XLsn0wQuora-Bridging-Header.h";
				SWIFT_OPTIMIZATION_LEVEL = "-Onone";
				SWIFT_VERSION = 3.0;
			};
			name = Debug;
		};
		3591B2821ED3BFEE00179D6F /* Release */ = {
			isa = XCBuildConfiguration;
			baseConfigurationReference = E80546247F30C9421EB41B76 /* Pods-XLsn0wQuora.release.xcconfig */;
			buildSettings = {
				ASSETCATALOG_COMPILER_APPICON_NAME = AppIcon;
				CLANG_ENABLE_MODULES = YES;
				DEVELOPMENT_TEAM = 7L4YK5W6WP;
				INFOPLIST_FILE = XLsn0wQuora/Info.plist;
				IPHONEOS_DEPLOYMENT_TARGET = 9.0;
				LD_RUNPATH_SEARCH_PATHS = "$(inherited) @executable_path/Frameworks";
				PRODUCT_BUNDLE_IDENTIFIER = com.xlsn0w.XLsn0wQuora;
				PRODUCT_NAME = "$(TARGET_NAME)";
				SWIFT_OBJC_BRIDGING_HEADER = "XLsn0wQuora/Bridging-Header/XLsn0wQuora-Bridging-Header.h";
				SWIFT_VERSION = 3.0;
			};
			name = Release;
		};
/* End XCBuildConfiguration section */

/* Begin XCConfigurationList section */
		3591B2691ED3BFED00179D6F /* Build configuration list for PBXProject "XLsn0wQuora" */ = {
			isa = XCConfigurationList;
			buildConfigurations = (
				3591B27E1ED3BFEE00179D6F /* Debug */,
				3591B27F1ED3BFEE00179D6F /* Release */,
			);
			defaultConfigurationIsVisible = 0;
			defaultConfigurationName = Release;
		};
		3591B2801ED3BFEE00179D6F /* Build configuration list for PBXNativeTarget "XLsn0wQuora" */ = {
			isa = XCConfigurationList;
			buildConfigurations = (
				3591B2811ED3BFEE00179D6F /* Debug */,
				3591B2821ED3BFEE00179D6F /* Release */,
			);
			defaultConfigurationIsVisible = 0;
			defaultConfigurationName = Release;
		};
/* End XCConfigurationList section */
	};
	rootObject = 3591B2661ED3BFED00179D6F /* Project object */;
}
